
Microsoft Visual Studio Solution File, Format Version 12.00
# Visual Studio Version 17
VisualStudioVersion = 17.1.32228.430
MinimumVisualStudioVersion = 10.0.40219.1
Project("{FAE04EC0-301F-11D3-BF4B-00C04F79EFBC}") = "ApiTesteStudiosTi", "ApiTesteStudiosTi\ApiTesteStudiosTi.csproj", "{D40DFDB2-859A-445B-9A39-2BD959044C47}"
EndProject
Global
	GlobalSection(SolutionConfigurationPlatforms) = preSolution
		Debug|Any CPU = Debug|Any CPU
		Release|Any CPU = Release|Any CPU
	EndGlobalSection
	GlobalSection(ProjectConfigurationPlatforms) = postSolution
		{D40DFDB2-859A-445B-9A39-2BD959044C47}.Debug|Any CPU.ActiveCfg = Debug|Any CPU
		{D40DFDB2-859A-445B-9A39-2BD959044C47}.Debug|Any CPU.Build.0 = Debug|Any CPU
		{D40DFDB2-859A-445B-9A39-2BD959044C47}.Release|Any CPU.ActiveCfg = Release|Any CPU
		{D40DFDB2-859A-445B-9A39-2BD959044C47}.Release|Any CPU.Build.0 = Release|Any CPU
	EndGlobalSection
	GlobalSection(SolutionProperties) = preSolution
		HideSolutionNode = FALSE
	EndGlobalSection
	GlobalSection(ExtensibilityGlobals) = postSolution
		SolutionGuid = {8CE0974E-6DF7-4533-9D81-DC8A341FA075}
	EndGlobalSection
EndGlobal
